
Microsoft Visual Studio Solution File, Format Version 12.00
Project("{FAE04EC0-301F-11D3-BF4B-00C04F79EFBC}") = "LocationDataMigration", "LocationDataMigration.csproj", "{9E42A51A-A67E-4BF2-90CF-06F236B82338}"
EndProject
Global
	GlobalSection(SolutionConfigurationPlatforms) = preSolution
		Debug|Any CPU = Debug|Any CPU
		Release|Any CPU = Release|Any CPU
	EndGlobalSection
	GlobalSection(ProjectConfigurationPlatforms) = postSolution
		{9E42A51A-A67E-4BF2-90CF-06F236B82338}.Debug|Any CPU.ActiveCfg = Debug|Any CPU
		{9E42A51A-A67E-4BF2-90CF-06F236B82338}.Debug|Any CPU.Build.0 = Debug|Any CPU
		{9E42A51A-A67E-4BF2-90CF-06F236B82338}.Release|Any CPU.ActiveCfg = Release|Any CPU
		{9E42A51A-A67E-4BF2-90CF-06F236B82338}.Release|Any CPU.Build.0 = Release|Any CPU
	EndGlobalSection
EndGlobal
